
Microsoft Visual Studio Solution File, Format Version 12.00
# Visual Studio 14
VisualStudioVersion = 14.0.23107.0
MinimumVisualStudioVersion = 10.0.40219.1
Project("{FAE04EC0-301F-11D3-BF4B-00C04F79EFBC}") = "PoCompress", "PoCompress\PoCompress.csproj", "{454CA550-4F02-4C6A-A975-66E57B52AE65}"
EndProject
Global
	GlobalSection(SolutionConfigurationPlatforms) = preSolution
		Debug|Any CPU = Debug|Any CPU
		Release|Any CPU = Release|Any CPU
	EndGlobalSection
	GlobalSection(ProjectConfigurationPlatforms) = postSolution
		{454CA550-4F02-4C6A-A975-66E57B52AE65}.Debug|Any CPU.ActiveCfg = Debug|Any CPU
		{454CA550-4F02-4C6A-A975-66E57B52AE65}.Debug|Any CPU.Build.0 = Debug|Any CPU
		{454CA550-4F02-4C6A-A975-66E57B52AE65}.Release|Any CPU.ActiveCfg = Release|Any CPU
		{454CA550-4F02-4C6A-A975-66E57B52AE65}.Release|Any CPU.Build.0 = Release|Any CPU
	EndGlobalSection
	GlobalSection(SolutionProperties) = preSolution
		HideSolutionNode = FALSE
	EndGlobalSection
EndGlobal
